// !$*UTF8*$!
{
	archiveVersion = 1;
	classes = {
	};
	objectVersion = 56;
	objects = {

/* Begin PBXBuildFile section */
		E33E0B2929268756007AB68D /* Main.swift in Sources */ = {isa = PBXBuildFile; fileRef = E33E0B2829268756007AB68D /* Main.swift */; };
		E356BBC32927E6FA00CEC414 /* Settings.swift in Sources */ = {isa = PBXBuildFile; fileRef = E356BBC22927E6FA00CEC414 /* Settings.swift */; };
		E3954EDB292685FD00D288BD /* PosteIDApp.swift in Sources */ = {isa = PBXBuildFile; fileRef = E3954EDA292685FD00D288BD /* PosteIDApp.swift */; };
		E3954EDD292685FD00D288BD /* Login.swift in Sources */ = {isa = PBXBuildFile; fileRef = E3954EDC292685FD00D288BD /* Login.swift */; };
		E3954EDF292685FD00D288BD /* Assets.xcassets in Resources */ = {isa = PBXBuildFile; fileRef = E3954EDE292685FD00D288BD /* Assets.xcassets */; };
		E3954EEC292685FE00D288BD /* PosteIDTests.swift in Sources */ = {isa = PBXBuildFile; fileRef = E3954EEB292685FE00D288BD /* PosteIDTests.swift */; };
		E3954EF6292685FE00D288BD /* PosteIDUITests.swift in Sources */ = {isa = PBXBuildFile; fileRef = E3954EF5292685FE00D288BD /* PosteIDUITests.swift */; };
		E3954EF8292685FE00D288BD /* PosteIDUITestsLaunchTests.swift in Sources */ = {isa = PBXBuildFile; fileRef = E3954EF7292685FE00D288BD /* PosteIDUITestsLaunchTests.swift */; };
		E3AEF48529281C1800CF8EB1 /* TopSection.swift in Sources */ = {isa = PBXBuildFile; fileRef = E3AEF48429281C1800CF8EB1 /* TopSection.swift */; };
		E3AEF48729281C6A00CF8EB1 /* RecentAuths.swift in Sources */ = {isa = PBXBuildFile; fileRef = E3AEF48629281C6A00CF8EB1 /* RecentAuths.swift */; };
/* End PBXBuildFile section */

/* Begin PBXContainerItemProxy section */
		E3954EE8292685FE00D288BD /* PBXContainerItemProxy */ = {
			isa = PBXContainerItemProxy;
			containerPortal = E3954ECF292685FC00D288BD /* Project object */;
			proxyType = 1;
			remoteGlobalIDString = E3954ED6292685FD00D288BD;
			remoteInfo = PosteID;
		};
		E3954EF2292685FE00D288BD /* PBXContainerItemProxy */ = {
			isa = PBXContainerItemProxy;
			containerPortal = E3954ECF292685FC00D288BD /* Project object */;
			proxyType = 1;
			remoteGlobalIDString = E3954ED6292685FD00D288BD;
			remoteInfo = PosteID;
		};
/* End PBXContainerItemProxy section */

/* Begin PBXFileReference section */
		E33E0B2829268756007AB68D /* Main.swift */ = {isa = PBXFileReference; lastKnownFileType = sourcecode.swift; path = Main.swift; sourceTree = "<group>"; };
		E356BBC22927E6FA00CEC414 /* Settings.swift */ = {isa = PBXFileReference; lastKnownFileType = sourcecode.swift; path = Settings.swift; sourceTree = "<group>"; };
		E3954ED7292685FD00D288BD /* PosteID.app */ = {isa = PBXFileReference; explicitFileType = wrapper.application; includeInIndex = 0; path = PosteID.app; sourceTree = BUILT_PRODUCTS_DIR; };
		E3954EDA292685FD00D288BD /* PosteIDApp.swift */ = {isa = PBXFileReference; lastKnownFileType = sourcecode.swift; path = PosteIDApp.swift; sourceTree = "<group>"; };
		E3954EDC292685FD00D288BD /* Login.swift */ = {isa = PBXFileReference; lastKnownFileType = sourcecode.swift; path = Login.swift; sourceTree = "<group>"; };
		E3954EDE292685FD00D288BD /* Assets.xcassets */ = {isa = PBXFileReference; lastKnownFileType = folder.assetcatalog; path = Assets.xcassets; sourceTree = "<group>"; };
		E3954EE7292685FE00D288BD /* PosteIDTests.xctest */ = {isa = PBXFileReference; explicitFileType = wrapper.cfbundle; includeInIndex = 0; path = PosteIDTests.xctest; sourceTree = BUILT_PRODUCTS_DIR; };
		E3954EEB292685FE00D288BD /* PosteIDTests.swift */ = {isa = PBXFileReference; lastKnownFileType = sourcecode.swift; path = PosteIDTests.swift; sourceTree = "<group>"; };
		E3954EF1292685FE00D288BD /* PosteIDUITests.xctest */ = {isa = PBXFileReference; explicitFileType = wrapper.cfbundle; includeInIndex = 0; path = PosteIDUITests.xctest; sourceTree = BUILT_PRODUCTS_DIR; };
		E3954EF5292685FE00D288BD /* PosteIDUITests.swift */ = {isa = PBXFileReference; lastKnownFileType = sourcecode.swift; path = PosteIDUITests.swift; sourceTree = "<group>"; };
		E3954EF7292685FE00D288BD /* PosteIDUITestsLaunchTests.swift */ = {isa = PBXFileReference; lastKnownFileType = sourcecode.swift; path = PosteIDUITestsLaunchTests.swift; sourceTree = "<group>"; };
		E3AEF48429281C1800CF8EB1 /* TopSection.swift */ = {isa = PBXFileReference; lastKnownFileType = sourcecode.swift; path = TopSection.swift; sourceTree = "<group>"; };
		E3AEF48629281C6A00CF8EB1 /* RecentAuths.swift */ = {isa = PBXFileReference; lastKnownFileType = sourcecode.swift; path = RecentAuths.swift; sourceTree = "<group>"; };
/* End PBXFileReference section */

/* Begin PBXFrameworksBuildPhase section */
		E3954ED4292685FD00D288BD /* Frameworks */ = {
			isa = PBXFrameworksBuildPhase;
			buildActionMask = 2147483647;
			files = (
			);
			runOnlyForDeploymentPostprocessing = 0;
		};
		E3954EE4292685FE00D288BD /* Frameworks */ = {
			isa = PBXFrameworksBuildPhase;
			buildActionMask = 2147483647;
			files = (
			);
			runOnlyForDeploymentPostprocessing = 0;
		};
		E3954EEE292685FE00D288BD /* Frameworks */ = {
			isa = PBXFrameworksBuildPhase;
			buildActionMask = 2147483647;
			files = (
			);
			runOnlyForDeploymentPostprocessing = 0;
		};
/* End PBXFrameworksBuildPhase section */

/* Begin PBXGroup section */
		E33E0B2B292687F8007AB68D /* Preview Content */ = {
			isa = PBXGroup;
			children = (
			);
			path = "Preview Content";
			sourceTree = "<group>";
		};
		E3954ECE292685FC00D288BD = {
			isa = PBXGroup;
			children = (
				E3AEF48329281BFF00CF8EB1 /* Dashboard */,
				E3954ED9292685FD00D288BD /* PosteID */,
				E3954EEA292685FE00D288BD /* PosteIDTests */,
				E3954EF4292685FE00D288BD /* PosteIDUITests */,
				E3954ED8292685FD00D288BD /* Products */,
			);
			sourceTree = "<group>";
		};
		E3954ED8292685FD00D288BD /* Products */ = {
			isa = PBXGroup;
			children = (
				E3954ED7292685FD00D288BD /* PosteID.app */,
				E3954EE7292685FE00D288BD /* PosteIDTests.xctest */,
				E3954EF1292685FE00D288BD /* PosteIDUITests.xctest */,
			);
			name = Products;
			sourceTree = "<group>";
		};
		E3954ED9292685FD00D288BD /* PosteID */ = {
			isa = PBXGroup;
			children = (
				E33E0B2B292687F8007AB68D /* Preview Content */,
				E3954EDA292685FD00D288BD /* PosteIDApp.swift */,
				E3954EDC292685FD00D288BD /* Login.swift */,
				E356BBC22927E6FA00CEC414 /* Settings.swift */,
				E3954EDE292685FD00D288BD /* Assets.xcassets */,
			);
			path = PosteID;
			sourceTree = "<group>";
		};
		E3954EEA292685FE00D288BD /* PosteIDTests */ = {
			isa = PBXGroup;
			children = (
				E3954EEB292685FE00D288BD /* PosteIDTests.swift */,
			);
			path = PosteIDTests;
			sourceTree = "<group>";
		};
		E3954EF4292685FE00D288BD /* PosteIDUITests */ = {
			isa = PBXGroup;
			children = (
				E3954EF5292685FE00D288BD /* PosteIDUITests.swift */,
				E3954EF7292685FE00D288BD /* PosteIDUITestsLaunchTests.swift */,
			);
			path = PosteIDUITests;
			sourceTree = "<group>";
		};
		E3AEF48329281BFF00CF8EB1 /* Dashboard */ = {
			isa = PBXGroup;
			children = (
				E33E0B2829268756007AB68D /* Main.swift */,
				E3AEF48429281C1800CF8EB1 /* TopSection.swift */,
				E3AEF48629281C6A00CF8EB1 /* RecentAuths.swift */,
			);
			path = Dashboard;
			sourceTree = "<group>";
		};
/* End PBXGroup section */

/* Begin PBXNativeTarget section */
		E3954ED6292685FD00D288BD /* PosteID */ = {
			isa = PBXNativeTarget;
			buildConfigurationList = E3954EFB292685FE00D288BD /* Build configuration list for PBXNativeTarget "PosteID" */;
			buildPhases = (
				E3954ED3292685FD00D288BD /* Sources */,
				E3954ED4292685FD00D288BD /* Frameworks */,
				E3954ED5292685FD00D288BD /* Resources */,
			);
			buildRules = (
			);
			dependencies = (
			);
			name = PosteID;
			productName = PosteID;
			productReference = E3954ED7292685FD00D288BD /* PosteID.app */;
			productType = "com.apple.product-type.application";
		};
		E3954EE6292685FE00D288BD /* PosteIDTests */ = {
			isa = PBXNativeTarget;
			buildConfigurationList = E3954EFE292685FE00D288BD /* Build configuration list for PBXNativeTarget "PosteIDTests" */;
			buildPhases = (
				E3954EE3292685FE00D288BD /* Sources */,
				E3954EE4292685FE00D288BD /* Frameworks */,
				E3954EE5292685FE00D288BD /* Resources */,
			);
			buildRules = (
			);
			dependencies = (
				E3954EE9292685FE00D288BD /* PBXTargetDependency */,
			);
			name = PosteIDTests;
			productName = PosteIDTests;
			productReference = E3954EE7292685FE00D288BD /* PosteIDTests.xctest */;
			productType = "com.apple.product-type.bundle.unit-test";
		};
		E3954EF0292685FE00D288BD /* PosteIDUITests */ = {
			isa = PBXNativeTarget;
			buildConfigurationList = E3954F01292685FE00D288BD /* Build configuration list for PBXNativeTarget "PosteIDUITests" */;
			buildPhases = (
				E3954EED292685FE00D288BD /* Sources */,
				E3954EEE292685FE00D288BD /* Frameworks */,
				E3954EEF292685FE00D288BD /* Resources */,
			);
			buildRules = (
			);
			dependencies = (
				E3954EF3292685FE00D288BD /* PBXTargetDependency */,
			);
			name = PosteIDUITests;
			productName = PosteIDUITests;
			productReference = E3954EF1292685FE00D288BD /* PosteIDUITests.xctest */;
			productType = "com.apple.product-type.bundle.ui-testing";
		};
/* End PBXNativeTarget section */

/* Begin PBXProject section */
		E3954ECF292685FC00D288BD /* Project object */ = {
			isa = PBXProject;
			attributes = {
				BuildIndependentTargetsInParallel = 1;
				LastSwiftUpdateCheck = 1400;
				LastUpgradeCheck = 1400;
				TargetAttributes = {
					E3954ED6292685FD00D288BD = {
						CreatedOnToolsVersion = 14.0.1;
					};
					E3954EE6292685FE00D288BD = {
						CreatedOnToolsVersion = 14.0.1;
						TestTargetID = E3954ED6292685FD00D288BD;
					};
					E3954EF0292685FE00D288BD = {
						CreatedOnToolsVersion = 14.0.1;
						TestTargetID = E3954ED6292685FD00D288BD;
					};
				};
			};
			buildConfigurationList = E3954ED2292685FC00D288BD /* Build configuration list for PBXProject "PosteID" */;
			compatibilityVersion = "Xcode 14.0";
			developmentRegion = en;
			hasScannedForEncodings = 0;
			knownRegions = (
				en,
				Base,
			);
			mainGroup = E3954ECE292685FC00D288BD;
			productRefGroup = E3954ED8292685FD00D288BD /* Products */;
			projectDirPath = "";
			projectRoot = "";
			targets = (
				E3954ED6292685FD00D288BD /* PosteID */,
				E3954EE6292685FE00D288BD /* PosteIDTests */,
				E3954EF0292685FE00D288BD /* PosteIDUITests */,
			);
		};
/* End PBXProject section */

/* Begin PBXResourcesBuildPhase section */
		E3954ED5292685FD00D288BD /* Resources */ = {
			isa = PBXResourcesBuildPhase;
			buildActionMask = 2147483647;
			files = (
				E3954EDF292685FD00D288BD /* Assets.xcassets in Resources */,
			);
			runOnlyForDeploymentPostprocessing = 0;
		};
		E3954EE5292685FE00D288BD /* Resources */ = {
			isa = PBXResourcesBuildPhase;
			buildActionMask = 2147483647;
			files = (
			);
			runOnlyForDeploymentPostprocessing = 0;
		};
		E3954EEF292685FE00D288BD /* Resources */ = {
			isa = PBXResourcesBuildPhase;
			buildActionMask = 2147483647;
			files = (
			);
			runOnlyForDeploymentPostprocessing = 0;
		};
/* End PBXResourcesBuildPhase section */

/* Begin PBXSourcesBuildPhase section */
		E3954ED3292685FD00D288BD /* Sources */ = {
			isa = PBXSourcesBuildPhase;
			buildActionMask = 2147483647;
			files = (
				E33E0B2929268756007AB68D /* Main.swift in Sources */,
				E3954EDD292685FD00D288BD /* Login.swift in Sources */,
				E3AEF48729281C6A00CF8EB1 /* RecentAuths.swift in Sources */,
				E356BBC32927E6FA00CEC414 /* Settings.swift in Sources */,
				E3AEF48529281C1800CF8EB1 /* TopSection.swift in Sources */,
				E3954EDB292685FD00D288BD /* PosteIDApp.swift in Sources */,
			);
			runOnlyForDeploymentPostprocessing = 0;
		};
		E3954EE3292685FE00D288BD /* Sources */ = {
			isa = PBXSourcesBuildPhase;
			buildActionMask = 2147483647;
			files = (
				E3954EEC292685FE00D288BD /* PosteIDTests.swift in Sources */,
			);
			runOnlyForDeploymentPostprocessing = 0;
		};
		E3954EED292685FE00D288BD /* Sources */ = {
			isa = PBXSourcesBuildPhase;
			buildActionMask = 2147483647;
			files = (
				E3954EF6292685FE00D288BD /* PosteIDUITests.swift in Sources */,
				E3954EF8292685FE00D288BD /* PosteIDUITestsLaunchTests.swift in Sources */,
			);
			runOnlyForDeploymentPostprocessing = 0;
		};
/* End PBXSourcesBuildPhase section */

/* Begin PBXTargetDependency section */
		E3954EE9292685FE00D288BD /* PBXTargetDependency */ = {
			isa = PBXTargetDependency;
			target = E3954ED6292685FD00D288BD /* PosteID */;
			targetProxy = E3954EE8292685FE00D288BD /* PBXContainerItemProxy */;
		};
		E3954EF3292685FE00D288BD /* PBXTargetDependency */ = {
			isa = PBXTargetDependency;
			target = E3954ED6292685FD00D288BD /* PosteID */;
			targetProxy = E3954EF2292685FE00D288BD /* PBXContainerItemProxy */;
		};
/* End PBXTargetDependency section */

/* Begin XCBuildConfiguration section */
		E3954EF9292685FE00D288BD /* Debug */ = {
			isa = XCBuildConfiguration;
			buildSettings = {
				ALWAYS_SEARCH_USER_PATHS = NO;
				CLANG_ANALYZER_NONNULL = YES;
				CLANG_ANALYZER_NUMBER_OBJECT_CONVERSION = YES_AGGRESSIVE;
				CLANG_CXX_LANGUAGE_STANDARD = "gnu++20";
				CLANG_ENABLE_MODULES = YES;
				CLANG_ENABLE_OBJC_ARC = YES;
				CLANG_ENABLE_OBJC_WEAK = YES;
				CLANG_WARN_BLOCK_CAPTURE_AUTORELEASING = YES;
				CLANG_WARN_BOOL_CONVERSION = YES;
				CLANG_WARN_COMMA = YES;
				CLANG_WARN_CONSTANT_CONVERSION = YES;
				CLANG_WARN_DEPRECATED_OBJC_IMPLEMENTATIONS = YES;
				CLANG_WARN_DIRECT_OBJC_ISA_USAGE = YES_ERROR;
				CLANG_WARN_DOCUMENTATION_COMMENTS = YES;
				CLANG_WARN_EMPTY_BODY = YES;
				CLANG_WARN_ENUM_CONVERSION = YES;
				CLANG_WARN_INFINITE_RECURSION = YES;
				CLANG_WARN_INT_CONVERSION = YES;
				CLANG_WARN_NON_LITERAL_NULL_CONVERSION = YES;
				CLANG_WARN_OBJC_IMPLICIT_RETAIN_SELF = YES;
				CLANG_WARN_OBJC_LITERAL_CONVERSION = YES;
				CLANG_WARN_OBJC_ROOT_CLASS = YES_ERROR;
				CLANG_WARN_QUOTED_INCLUDE_IN_FRAMEWORK_HEADER = YES;
				CLANG_WARN_RANGE_LOOP_ANALYSIS = YES;
				CLANG_WARN_STRICT_PROTOTYPES = YES;
				CLANG_WARN_SUSPICIOUS_MOVE = YES;
				CLANG_WARN_UNGUARDED_AVAILABILITY = YES_AGGRESSIVE;
				CLANG_WARN_UNREACHABLE_CODE = YES;
				CLANG_WARN__DUPLICATE_METHOD_MATCH = YES;
				COPY_PHASE_STRIP = NO;
				DEBUG_INFORMATION_FORMAT = dwarf;
				ENABLE_STRICT_OBJC_MSGSEND = YES;
				ENABLE_TESTABILITY = YES;
				GCC_C_LANGUAGE_STANDARD = gnu11;
				GCC_DYNAMIC_NO_PIC = NO;
				GCC_NO_COMMON_BLOCKS = YES;
				GCC_OPTIMIZATION_LEVEL = 0;
				GCC_PREPROCESSOR_DEFINITIONS = (
					"DEBUG=1",
					"$(inherited)",
				);
				GCC_WARN_64_TO_32_BIT_CONVERSION = YES;
				GCC_WARN_ABOUT_RETURN_TYPE = YES_ERROR;
				GCC_WARN_UNDECLARED_SELECTOR = YES;
				GCC_WARN_UNINITIALIZED_AUTOS = YES_AGGRESSIVE;
				GCC_WARN_UNUSED_FUNCTION = YES;
				GCC_WARN_UNUSED_VARIABLE = YES;
				IPHONEOS_DEPLOYMENT_TARGET = 16.0;
				MTL_ENABLE_DEBUG_INFO = INCLUDE_SOURCE;
				MTL_FAST_MATH = YES;
				ONLY_ACTIVE_ARCH = YES;
				SDKROOT = iphoneos;
				SWIFT_ACTIVE_COMPILATION_CONDITIONS = DEBUG;
				SWIFT_OPTIMIZATION_LEVEL = "-Onone";
			};
			name = Debug;
		};
		E3954EFA292685FE00D288BD /* Release */ = {
			isa = XCBuildConfiguration;
			buildSettings = {
				ALWAYS_SEARCH_USER_PATHS = NO;
				CLANG_ANALYZER_NONNULL = YES;
				CLANG_ANALYZER_NUMBER_OBJECT_CONVERSION = YES_AGGRESSIVE;
				CLANG_CXX_LANGUAGE_STANDARD = "gnu++20";
				CLANG_ENABLE_MODULES = YES;
				CLANG_ENABLE_OBJC_ARC = YES;
				CLANG_ENABLE_OBJC_WEAK = YES;
				CLANG_WARN_BLOCK_CAPTURE_AUTORELEASING = YES;
				CLANG_WARN_BOOL_CONVERSION = YES;
				CLANG_WARN_COMMA = YES;
				CLANG_WARN_CONSTANT_CONVERSION = YES;
				CLANG_WARN_DEPRECATED_OBJC_IMPLEMENTATIONS = YES;
				CLANG_WARN_DIRECT_OBJC_ISA_USAGE = YES_ERROR;
				CLANG_WARN_DOCUMENTATION_COMMENTS = YES;
				CLANG_WARN_EMPTY_BODY = YES;
				CLANG_WARN_ENUM_CONVERSION = YES;
				CLANG_WARN_INFINITE_RECURSION = YES;
				CLANG_WARN_INT_CONVERSION = YES;
				CLANG_WARN_NON_LITERAL_NULL_CONVERSION = YES;
				CLANG_WARN_OBJC_IMPLICIT_RETAIN_SELF = YES;
				CLANG_WARN_OBJC_LITERAL_CONVERSION = YES;
				CLANG_WARN_OBJC_ROOT_CLASS = YES_ERROR;
				CLANG_WARN_QUOTED_INCLUDE_IN_FRAMEWORK_HEADER = YES;
				CLANG_WARN_RANGE_LOOP_ANALYSIS = YES;
				CLANG_WARN_STRICT_PROTOTYPES = YES;
				CLANG_WARN_SUSPICIOUS_MOVE = YES;
				CLANG_WARN_UNGUARDED_AVAILABILITY = YES_AGGRESSIVE;
				CLANG_WARN_UNREACHABLE_CODE = YES;
				CLANG_WARN__DUPLICATE_METHOD_MATCH = YES;
				COPY_PHASE_STRIP = NO;
				DEBUG_INFORMATION_FORMAT = "dwarf-with-dsym";
				ENABLE_NS_ASSERTIONS = NO;
				ENABLE_STRICT_OBJC_MSGSEND = YES;
				GCC_C_LANGUAGE_STANDARD = gnu11;
				GCC_NO_COMMON_BLOCKS = YES;
				GCC_WARN_64_TO_32_BIT_CONVERSION = YES;
				GCC_WARN_ABOUT_RETURN_TYPE = YES_ERROR;
				GCC_WARN_UNDECLARED_SELECTOR = YES;
				GCC_WARN_UNINITIALIZED_AUTOS = YES_AGGRESSIVE;
				GCC_WARN_UNUSED_FUNCTION = YES;
				GCC_WARN_UNUSED_VARIABLE = YES;
				IPHONEOS_DEPLOYMENT_TARGET = 16.0;
				MTL_ENABLE_DEBUG_INFO = NO;
				MTL_FAST_MATH = YES;
				SDKROOT = iphoneos;
				SWIFT_COMPILATION_MODE = wholemodule;
				SWIFT_OPTIMIZATION_LEVEL = "-O";
				VALIDATE_PRODUCT = YES;
			};
			name = Release;
		};
		E3954EFC292685FE00D288BD /* Debug */ = {
			isa = XCBuildConfiguration;
			buildSettings = {
				ASSETCATALOG_COMPILER_APPICON_NAME = AppIcon;
				ASSETCATALOG_COMPILER_GLOBAL_ACCENT_COLOR_NAME = AccentColor;
				CODE_SIGN_STYLE = Automatic;
				CURRENT_PROJECT_VERSION = 1;
				DEVELOPMENT_ASSET_PATHS = "\"PosteID/Preview Content\"";
				DEVELOPMENT_TEAM = T8HX5554JX;
				ENABLE_PREVIEWS = YES;
				GENERATE_INFOPLIST_FILE = YES;
				INFOPLIST_KEY_NSFaceIDUsageDescription = "Security reason";
				INFOPLIST_KEY_UIApplicationSceneManifest_Generation = YES;
				INFOPLIST_KEY_UIApplicationSupportsIndirectInputEvents = YES;
				INFOPLIST_KEY_UILaunchScreen_Generation = YES;
				INFOPLIST_KEY_UISupportedInterfaceOrientations_iPad = "UIInterfaceOrientationPortrait UIInterfaceOrientationPortraitUpsideDown UIInterfaceOrientationLandscapeLeft UIInterfaceOrientationLandscapeRight";
				INFOPLIST_KEY_UISupportedInterfaceOrientations_iPhone = "UIInterfaceOrientationPortrait UIInterfaceOrientationLandscapeLeft UIInterfaceOrientationLandscapeRight";
				LD_RUNPATH_SEARCH_PATHS = (
					"$(inherited)",
					"@executable_path/Frameworks",
				);
				MARKETING_VERSION = 1.0;
				PRODUCT_BUNDLE_IDENTIFIER = com.PosteID;
				PRODUCT_NAME = "$(TARGET_NAME)";
				SWIFT_EMIT_LOC_STRINGS = YES;
				SWIFT_VERSION = 5.0;
				TARGETED_DEVICE_FAMILY = "1,2";
			};
			name = Debug;
		};
		E3954EFD292685FE00D288BD /* Release */ = {
			isa = XCBuildConfiguration;
			buildSettings = {
				ASSETCATALOG_COMPILER_APPICON_NAME = AppIcon;
				ASSETCATALOG_COMPILER_GLOBAL_ACCENT_COLOR_NAME = AccentColor;
				CODE_SIGN_STYLE = Automatic;
				CURRENT_PROJECT_VERSION = 1;
				DEVELOPMENT_ASSET_PATHS = "\"PosteID/Preview Content\"";
				DEVELOPMENT_TEAM = T8HX5554JX;
				ENABLE_PREVIEWS = YES;
				GENERATE_INFOPLIST_FILE = YES;
				INFOPLIST_KEY_NSFaceIDUsageDescription = "Security reason";
				INFOPLIST_KEY_UIApplicationSceneManifest_Generation = YES;
				INFOPLIST_KEY_UIApplicationSupportsIndirectInputEvents = YES;
				INFOPLIST_KEY_UILaunchScreen_Generation = YES;
				INFOPLIST_KEY_UISupportedInterfaceOrientations_iPad = "UIInterfaceOrientationPortrait UIInterfaceOrientationPortraitUpsideDown UIInterfaceOrientationLandscapeLeft UIInterfaceOrientationLandscapeRight";
				INFOPLIST_KEY_UISupportedInterfaceOrientations_iPhone = "UIInterfaceOrientationPortrait UIInterfaceOrientationLandscapeLeft UIInterfaceOrientationLandscapeRight";
				LD_RUNPATH_SEARCH_PATHS = (
					"$(inherited)",
					"@executable_path/Frameworks",
				);
				MARKETING_VERSION = 1.0;
				PRODUCT_BUNDLE_IDENTIFIER = com.PosteID;
				PRODUCT_NAME = "$(TARGET_NAME)";
				SWIFT_EMIT_LOC_STRINGS = YES;
				SWIFT_VERSION = 5.0;
				TARGETED_DEVICE_FAMILY = "1,2";
			};
			name = Release;
		};
		E3954EFF292685FE00D288BD /* Debug */ = {
			isa = XCBuildConfiguration;
			buildSettings = {
				ALWAYS_EMBED_SWIFT_STANDARD_LIBRARIES = YES;
				BUNDLE_LOADER = "$(TEST_HOST)";
				CODE_SIGN_STYLE = Automatic;
				CURRENT_PROJECT_VERSION = 1;
				DEVELOPMENT_TEAM = T8HX5554JX;
				GENERATE_INFOPLIST_FILE = YES;
				IPHONEOS_DEPLOYMENT_TARGET = 16.0;
				MARKETING_VERSION = 1.0;
				PRODUCT_BUNDLE_IDENTIFIER = com.PosteIDTests;
				PRODUCT_NAME = "$(TARGET_NAME)";
				SWIFT_EMIT_LOC_STRINGS = NO;
				SWIFT_VERSION = 5.0;
				TARGETED_DEVICE_FAMILY = "1,2";
				TEST_HOST = "$(BUILT_PRODUCTS_DIR)/PosteID.app/$(BUNDLE_EXECUTABLE_FOLDER_PATH)/PosteID";
			};
			name = Debug;
		};
		E3954F00292685FE00D288BD /* Release */ = {
			isa = XCBuildConfiguration;
			buildSettings = {
				ALWAYS_EMBED_SWIFT_STANDARD_LIBRARIES = YES;
				BUNDLE_LOADER = "$(TEST_HOST)";
				CODE_SIGN_STYLE = Automatic;
				CURRENT_PROJECT_VERSION = 1;
				DEVELOPMENT_TEAM = T8HX5554JX;
				GENERATE_INFOPLIST_FILE = YES;
				IPHONEOS_DEPLOYMENT_TARGET = 16.0;
				MARKETING_VERSION = 1.0;
				PRODUCT_BUNDLE_IDENTIFIER = com.PosteIDTests;
				PRODUCT_NAME = "$(TARGET_NAME)";
				SWIFT_EMIT_LOC_STRINGS = NO;
				SWIFT_VERSION = 5.0;
				TARGETED_DEVICE_FAMILY = "1,2";
				TEST_HOST = "$(BUILT_PRODUCTS_DIR)/PosteID.app/$(BUNDLE_EXECUTABLE_FOLDER_PATH)/PosteID";
			};
			name = Release;
		};
		E3954F02292685FE00D288BD /* Debug */ = {
			isa = XCBuildConfiguration;
			buildSettings = {
				ALWAYS_EMBED_SWIFT_STANDARD_LIBRARIES = YES;
				CODE_SIGN_STYLE = Automatic;
				CURRENT_PROJECT_VERSION = 1;
				DEVELOPMENT_TEAM = T8HX5554JX;
				GENERATE_INFOPLIST_FILE = YES;
				MARKETING_VERSION = 1.0;
				PRODUCT_BUNDLE_IDENTIFIER = com.PosteIDUITests;
				PRODUCT_NAME = "$(TARGET_NAME)";
				SWIFT_EMIT_LOC_STRINGS = NO;
				SWIFT_VERSION = 5.0;
				TARGETED_DEVICE_FAMILY = "1,2";
				TEST_TARGET_NAME = PosteID;
			};
			name = Debug;
		};
		E3954F03292685FE00D288BD /* Release */ = {
			isa = XCBuildConfiguration;
			buildSettings = {
				ALWAYS_EMBED_SWIFT_STANDARD_LIBRARIES = YES;
				CODE_SIGN_STYLE = Automatic;
				CURRENT_PROJECT_VERSION = 1;
				DEVELOPMENT_TEAM = T8HX5554JX;
				GENERATE_INFOPLIST_FILE = YES;
				MARKETING_VERSION = 1.0;
				PRODUCT_BUNDLE_IDENTIFIER = com.PosteIDUITests;
				PRODUCT_NAME = "$(TARGET_NAME)";
				SWIFT_EMIT_LOC_STRINGS = NO;
				SWIFT_VERSION = 5.0;
				TARGETED_DEVICE_FAMILY = "1,2";
				TEST_TARGET_NAME = PosteID;
			};
			name = Release;
		};
/* End XCBuildConfiguration section */

/* Begin XCConfigurationList section */
		E3954ED2292685FC00D288BD /* Build configuration list for PBXProject "PosteID" */ = {
			isa = XCConfigurationList;
			buildConfigurations = (
				E3954EF9292685FE00D288BD /* Debug */,
				E3954EFA292685FE00D288BD /* Release */,
			);
			defaultConfigurationIsVisible = 0;
			defaultConfigurationName = Release;
		};
		E3954EFB292685FE00D288BD /* Build configuration list for PBXNativeTarget "PosteID" */ = {
			isa = XCConfigurationList;
			buildConfigurations = (
				E3954EFC292685FE00D288BD /* Debug */,
				E3954EFD292685FE00D288BD /* Release */,
			);
			defaultConfigurationIsVisible = 0;
			defaultConfigurationName = Release;
		};
		E3954EFE292685FE00D288BD /* Build configuration list for PBXNativeTarget "PosteIDTests" */ = {
			isa = XCConfigurationList;
			buildConfigurations = (
				E3954EFF292685FE00D288BD /* Debug */,
				E3954F00292685FE00D288BD /* Release */,
			);
			defaultConfigurationIsVisible = 0;
			defaultConfigurationName = Release;
		};
		E3954F01292685FE00D288BD /* Build configuration list for PBXNativeTarget "PosteIDUITests" */ = {
			isa = XCConfigurationList;
			buildConfigurations = (
				E3954F02292685FE00D288BD /* Debug */,
				E3954F03292685FE00D288BD /* Release */,
			);
			defaultConfigurationIsVisible = 0;
			defaultConfigurationName = Release;
		};
/* End XCConfigurationList section */
	};
	rootObject = E3954ECF292685FC00D288BD /* Project object */;
}
