// !$*UTF8*$!
{
	archiveVersion = 1;
	classes = {
	};
	objectVersion = 56;
	objects = {

/* Begin PBXBuildFile section */
		E33E0B2929268756007AB68D /* DashboardView.swift in Sources */ = {isa = PBXBuildFile; fileRef = E33E0B2829268756007AB68D /* DashboardView.swift */; };
		E356BBC32927E6FA00CEC414 /* AccountDetails.swift in Sources */ = {isa = PBXBuildFile; fileRef = E356BBC22927E6FA00CEC414 /* AccountDetails.swift */; };
		E3954EDB292685FD00D288BD /* Main.swift in Sources */ = {isa = PBXBuildFile; fileRef = E3954EDA292685FD00D288BD /* Main.swift */; };
		E3954EDF292685FD00D288BD /* Assets.xcassets in Resources */ = {isa = PBXBuildFile; fileRef = E3954EDE292685FD00D288BD /* Assets.xcassets */; };
		E3AEF48529281C1800CF8EB1 /* LastLoginInfo.swift in Sources */ = {isa = PBXBuildFile; fileRef = E3AEF48429281C1800CF8EB1 /* LastLoginInfo.swift */; };
		E3AEF48729281C6A00CF8EB1 /* AuthList.swift in Sources */ = {isa = PBXBuildFile; fileRef = E3AEF48629281C6A00CF8EB1 /* AuthList.swift */; };
		E3BAF0DB292E602B00300959 /* LoginForm.swift in Sources */ = {isa = PBXBuildFile; fileRef = E3BAF0DA292E602B00300959 /* LoginForm.swift */; };
		E3DA647429D32FF500DC4889 /* Models.swift in Sources */ = {isa = PBXBuildFile; fileRef = E3DA647329D32FF500DC4889 /* Models.swift */; };
		E3DA647729D3300B00DC4889 /* FakeValues.swift in Sources */ = {isa = PBXBuildFile; fileRef = E3DA647629D3300B00DC4889 /* FakeValues.swift */; };
		E3DA647929D3306200DC4889 /* AppDelegate.swift in Sources */ = {isa = PBXBuildFile; fileRef = E3DA647829D3306200DC4889 /* AppDelegate.swift */; };
		E3DA647C29D335C500DC4889 /* AuthEntry.swift in Sources */ = {isa = PBXBuildFile; fileRef = E3DA647B29D335C500DC4889 /* AuthEntry.swift */; };
		E3DA647F29D33B2200DC4889 /* BackButton.swift in Sources */ = {isa = PBXBuildFile; fileRef = E3DA647E29D33B2200DC4889 /* BackButton.swift */; };
		E3DA648129D33B5700DC4889 /* TopControls.swift in Sources */ = {isa = PBXBuildFile; fileRef = E3DA648029D33B5700DC4889 /* TopControls.swift */; };
		E3DA648529D33D6200DC4889 /* BeforeUnlock.swift in Sources */ = {isa = PBXBuildFile; fileRef = E3DA648429D33D6200DC4889 /* BeforeUnlock.swift */; };
		E3DA648729D33DDB00DC4889 /* Biometrics.swift in Sources */ = {isa = PBXBuildFile; fileRef = E3DA648629D33DDB00DC4889 /* Biometrics.swift */; };
		E3DA648929D3405700DC4889 /* AfterUnlock.swift in Sources */ = {isa = PBXBuildFile; fileRef = E3DA648829D3405700DC4889 /* AfterUnlock.swift */; };
/* End PBXBuildFile section */

/* Begin PBXFileReference section */
		E33E0B2829268756007AB68D /* DashboardView.swift */ = {isa = PBXFileReference; lastKnownFileType = sourcecode.swift; path = DashboardView.swift; sourceTree = "<group>"; };
		E356BBC22927E6FA00CEC414 /* AccountDetails.swift */ = {isa = PBXFileReference; lastKnownFileType = sourcecode.swift; path = AccountDetails.swift; sourceTree = "<group>"; };
		E3954ED7292685FD00D288BD /* FakePosteID.app */ = {isa = PBXFileReference; explicitFileType = wrapper.application; includeInIndex = 0; path = FakePosteID.app; sourceTree = BUILT_PRODUCTS_DIR; };
		E3954EDA292685FD00D288BD /* Main.swift */ = {isa = PBXFileReference; lastKnownFileType = sourcecode.swift; path = Main.swift; sourceTree = "<group>"; };
		E3954EDE292685FD00D288BD /* Assets.xcassets */ = {isa = PBXFileReference; lastKnownFileType = folder.assetcatalog; path = Assets.xcassets; sourceTree = "<group>"; };
		E3AEF48429281C1800CF8EB1 /* LastLoginInfo.swift */ = {isa = PBXFileReference; lastKnownFileType = sourcecode.swift; path = LastLoginInfo.swift; sourceTree = "<group>"; };
		E3AEF48629281C6A00CF8EB1 /* AuthList.swift */ = {isa = PBXFileReference; lastKnownFileType = sourcecode.swift; path = AuthList.swift; sourceTree = "<group>"; };
		E3BAF0DA292E602B00300959 /* LoginForm.swift */ = {isa = PBXFileReference; lastKnownFileType = sourcecode.swift; path = LoginForm.swift; sourceTree = "<group>"; };
		E3DA647329D32FF500DC4889 /* Models.swift */ = {isa = PBXFileReference; lastKnownFileType = sourcecode.swift; path = Models.swift; sourceTree = "<group>"; };
		E3DA647629D3300B00DC4889 /* FakeValues.swift */ = {isa = PBXFileReference; lastKnownFileType = sourcecode.swift; path = FakeValues.swift; sourceTree = "<group>"; };
		E3DA647829D3306200DC4889 /* AppDelegate.swift */ = {isa = PBXFileReference; lastKnownFileType = sourcecode.swift; path = AppDelegate.swift; sourceTree = "<group>"; };
		E3DA647B29D335C500DC4889 /* AuthEntry.swift */ = {isa = PBXFileReference; lastKnownFileType = sourcecode.swift; path = AuthEntry.swift; sourceTree = "<group>"; };
		E3DA647E29D33B2200DC4889 /* BackButton.swift */ = {isa = PBXFileReference; lastKnownFileType = sourcecode.swift; path = BackButton.swift; sourceTree = "<group>"; };
		E3DA648029D33B5700DC4889 /* TopControls.swift */ = {isa = PBXFileReference; lastKnownFileType = sourcecode.swift; path = TopControls.swift; sourceTree = "<group>"; };
		E3DA648429D33D6200DC4889 /* BeforeUnlock.swift */ = {isa = PBXFileReference; lastKnownFileType = sourcecode.swift; path = BeforeUnlock.swift; sourceTree = "<group>"; };
		E3DA648629D33DDB00DC4889 /* Biometrics.swift */ = {isa = PBXFileReference; lastKnownFileType = sourcecode.swift; path = Biometrics.swift; sourceTree = "<group>"; };
		E3DA648829D3405700DC4889 /* AfterUnlock.swift */ = {isa = PBXFileReference; lastKnownFileType = sourcecode.swift; path = AfterUnlock.swift; sourceTree = "<group>"; };
/* End PBXFileReference section */

/* Begin PBXFrameworksBuildPhase section */
		E3954ED4292685FD00D288BD /* Frameworks */ = {
			isa = PBXFrameworksBuildPhase;
			buildActionMask = 2147483647;
			files = (
			);
			runOnlyForDeploymentPostprocessing = 0;
		};
/* End PBXFrameworksBuildPhase section */

/* Begin PBXGroup section */
		E3954ECE292685FC00D288BD = {
			isa = PBXGroup;
			children = (
				E3954ED9292685FD00D288BD /* FakePosteID */,
				E3954ED8292685FD00D288BD /* Products */,
			);
			sourceTree = "<group>";
		};
		E3954ED8292685FD00D288BD /* Products */ = {
			isa = PBXGroup;
			children = (
				E3954ED7292685FD00D288BD /* FakePosteID.app */,
			);
			name = Products;
			sourceTree = "<group>";
		};
		E3954ED9292685FD00D288BD /* FakePosteID */ = {
			isa = PBXGroup;
			children = (
				E3954EDA292685FD00D288BD /* Main.swift */,
				E3DA647829D3306200DC4889 /* AppDelegate.swift */,
				E356BBC22927E6FA00CEC414 /* AccountDetails.swift */,
				E3AF8981292BB8E90067C960 /* Login */,
				E3AEF48329281BFF00CF8EB1 /* Dashboard */,
				E3DA647229D32FBA00DC4889 /* DataHandling */,
				E3954EDE292685FD00D288BD /* Assets.xcassets */,
			);
			path = FakePosteID;
			sourceTree = "<group>";
		};
		E3AEF48329281BFF00CF8EB1 /* Dashboard */ = {
			isa = PBXGroup;
			children = (
				E33E0B2829268756007AB68D /* DashboardView.swift */,
				E3AEF48429281C1800CF8EB1 /* LastLoginInfo.swift */,
				E3DA647D29D33B0C00DC4889 /* Controls */,
				E3DA647A29D331FD00DC4889 /* RecentAuths */,
			);
			path = Dashboard;
			sourceTree = "<group>";
		};
		E3AF8981292BB8E90067C960 /* Login */ = {
			isa = PBXGroup;
			children = (
				E3DA648329D33D4100DC4889 /* Controls */,
				E3BAF0DA292E602B00300959 /* LoginForm.swift */,
			);
			path = Login;
			sourceTree = "<group>";
		};
		E3DA647229D32FBA00DC4889 /* DataHandling */ = {
			isa = PBXGroup;
			children = (
				E3DA647329D32FF500DC4889 /* Models.swift */,
				E3DA647629D3300B00DC4889 /* FakeValues.swift */,
				E3DA648629D33DDB00DC4889 /* Biometrics.swift */,
			);
			path = DataHandling;
			sourceTree = "<group>";
		};
		E3DA647A29D331FD00DC4889 /* RecentAuths */ = {
			isa = PBXGroup;
			children = (
				E3DA647B29D335C500DC4889 /* AuthEntry.swift */,
				E3AEF48629281C6A00CF8EB1 /* AuthList.swift */,
			);
			path = RecentAuths;
			sourceTree = "<group>";
		};
		E3DA647D29D33B0C00DC4889 /* Controls */ = {
			isa = PBXGroup;
			children = (
				E3DA647E29D33B2200DC4889 /* BackButton.swift */,
				E3DA648029D33B5700DC4889 /* TopControls.swift */,
			);
			path = Controls;
			sourceTree = "<group>";
		};
		E3DA648329D33D4100DC4889 /* Controls */ = {
			isa = PBXGroup;
			children = (
				E3DA648429D33D6200DC4889 /* BeforeUnlock.swift */,
				E3DA648829D3405700DC4889 /* AfterUnlock.swift */,
			);
			path = Controls;
			sourceTree = "<group>";
		};
/* End PBXGroup section */

/* Begin PBXNativeTarget section */
		E3954ED6292685FD00D288BD /* FakePosteID */ = {
			isa = PBXNativeTarget;
			buildConfigurationList = E3954EFB292685FE00D288BD /* Build configuration list for PBXNativeTarget "FakePosteID" */;
			buildPhases = (
				E3954ED3292685FD00D288BD /* Sources */,
				E3954ED4292685FD00D288BD /* Frameworks */,
				E3954ED5292685FD00D288BD /* Resources */,
			);
			buildRules = (
			);
			dependencies = (
			);
			name = FakePosteID;
			productName = PosteID;
			productReference = E3954ED7292685FD00D288BD /* FakePosteID.app */;
			productType = "com.apple.product-type.application";
		};
/* End PBXNativeTarget section */

/* Begin PBXProject section */
		E3954ECF292685FC00D288BD /* Project object */ = {
			isa = PBXProject;
			attributes = {
				BuildIndependentTargetsInParallel = 1;
				LastSwiftUpdateCheck = 1400;
				LastUpgradeCheck = 1400;
				TargetAttributes = {
					E3954ED6292685FD00D288BD = {
						CreatedOnToolsVersion = 14.0.1;
					};
				};
			};
			buildConfigurationList = E3954ED2292685FC00D288BD /* Build configuration list for PBXProject "FakePosteID" */;
			compatibilityVersion = "Xcode 14.0";
			developmentRegion = en;
			hasScannedForEncodings = 0;
			knownRegions = (
				en,
				Base,
			);
			mainGroup = E3954ECE292685FC00D288BD;
			productRefGroup = E3954ED8292685FD00D288BD /* Products */;
			projectDirPath = "";
			projectRoot = "";
			targets = (
				E3954ED6292685FD00D288BD /* FakePosteID */,
			);
		};
/* End PBXProject section */

/* Begin PBXResourcesBuildPhase section */
		E3954ED5292685FD00D288BD /* Resources */ = {
			isa = PBXResourcesBuildPhase;
			buildActionMask = 2147483647;
			files = (
				E3954EDF292685FD00D288BD /* Assets.xcassets in Resources */,
			);
			runOnlyForDeploymentPostprocessing = 0;
		};
/* End PBXResourcesBuildPhase section */

/* Begin PBXSourcesBuildPhase section */
		E3954ED3292685FD00D288BD /* Sources */ = {
			isa = PBXSourcesBuildPhase;
			buildActionMask = 2147483647;
			files = (
				E3DA647929D3306200DC4889 /* AppDelegate.swift in Sources */,
				E33E0B2929268756007AB68D /* DashboardView.swift in Sources */,
				E3BAF0DB292E602B00300959 /* LoginForm.swift in Sources */,
				E3DA648529D33D6200DC4889 /* BeforeUnlock.swift in Sources */,
				E3DA648129D33B5700DC4889 /* TopControls.swift in Sources */,
				E3AEF48729281C6A00CF8EB1 /* AuthList.swift in Sources */,
				E3DA647729D3300B00DC4889 /* FakeValues.swift in Sources */,
				E3DA647C29D335C500DC4889 /* AuthEntry.swift in Sources */,
				E3DA648729D33DDB00DC4889 /* Biometrics.swift in Sources */,
				E3DA648929D3405700DC4889 /* AfterUnlock.swift in Sources */,
				E356BBC32927E6FA00CEC414 /* AccountDetails.swift in Sources */,
				E3DA647F29D33B2200DC4889 /* BackButton.swift in Sources */,
				E3DA647429D32FF500DC4889 /* Models.swift in Sources */,
				E3AEF48529281C1800CF8EB1 /* LastLoginInfo.swift in Sources */,
				E3954EDB292685FD00D288BD /* Main.swift in Sources */,
			);
			runOnlyForDeploymentPostprocessing = 0;
		};
/* End PBXSourcesBuildPhase section */

/* Begin XCBuildConfiguration section */
		E3954EF9292685FE00D288BD /* Debug */ = {
			isa = XCBuildConfiguration;
			buildSettings = {
				ALWAYS_SEARCH_USER_PATHS = NO;
				CLANG_ANALYZER_NONNULL = YES;
				CLANG_ANALYZER_NUMBER_OBJECT_CONVERSION = YES_AGGRESSIVE;
				CLANG_CXX_LANGUAGE_STANDARD = "gnu++20";
				CLANG_ENABLE_MODULES = YES;
				CLANG_ENABLE_OBJC_ARC = YES;
				CLANG_ENABLE_OBJC_WEAK = YES;
				CLANG_WARN_BLOCK_CAPTURE_AUTORELEASING = YES;
				CLANG_WARN_BOOL_CONVERSION = YES;
				CLANG_WARN_COMMA = YES;
				CLANG_WARN_CONSTANT_CONVERSION = YES;
				CLANG_WARN_DEPRECATED_OBJC_IMPLEMENTATIONS = YES;
				CLANG_WARN_DIRECT_OBJC_ISA_USAGE = YES_ERROR;
				CLANG_WARN_DOCUMENTATION_COMMENTS = YES;
				CLANG_WARN_EMPTY_BODY = YES;
				CLANG_WARN_ENUM_CONVERSION = YES;
				CLANG_WARN_INFINITE_RECURSION = YES;
				CLANG_WARN_INT_CONVERSION = YES;
				CLANG_WARN_NON_LITERAL_NULL_CONVERSION = YES;
				CLANG_WARN_OBJC_IMPLICIT_RETAIN_SELF = YES;
				CLANG_WARN_OBJC_LITERAL_CONVERSION = YES;
				CLANG_WARN_OBJC_ROOT_CLASS = YES_ERROR;
				CLANG_WARN_QUOTED_INCLUDE_IN_FRAMEWORK_HEADER = YES;
				CLANG_WARN_RANGE_LOOP_ANALYSIS = YES;
				CLANG_WARN_STRICT_PROTOTYPES = YES;
				CLANG_WARN_SUSPICIOUS_MOVE = YES;
				CLANG_WARN_UNGUARDED_AVAILABILITY = YES_AGGRESSIVE;
				CLANG_WARN_UNREACHABLE_CODE = YES;
				CLANG_WARN__DUPLICATE_METHOD_MATCH = YES;
				COPY_PHASE_STRIP = NO;
				DEBUG_INFORMATION_FORMAT = dwarf;
				ENABLE_STRICT_OBJC_MSGSEND = YES;
				ENABLE_TESTABILITY = YES;
				GCC_C_LANGUAGE_STANDARD = gnu11;
				GCC_DYNAMIC_NO_PIC = NO;
				GCC_NO_COMMON_BLOCKS = YES;
				GCC_OPTIMIZATION_LEVEL = 0;
				GCC_PREPROCESSOR_DEFINITIONS = (
					"DEBUG=1",
					"$(inherited)",
				);
				GCC_WARN_64_TO_32_BIT_CONVERSION = YES;
				GCC_WARN_ABOUT_RETURN_TYPE = YES_ERROR;
				GCC_WARN_UNDECLARED_SELECTOR = YES;
				GCC_WARN_UNINITIALIZED_AUTOS = YES_AGGRESSIVE;
				GCC_WARN_UNUSED_FUNCTION = YES;
				GCC_WARN_UNUSED_VARIABLE = YES;
				IPHONEOS_DEPLOYMENT_TARGET = 16.0;
				MTL_ENABLE_DEBUG_INFO = INCLUDE_SOURCE;
				MTL_FAST_MATH = YES;
				ONLY_ACTIVE_ARCH = YES;
				SDKROOT = iphoneos;
				SWIFT_ACTIVE_COMPILATION_CONDITIONS = DEBUG;
				SWIFT_OPTIMIZATION_LEVEL = "-Onone";
			};
			name = Debug;
		};
		E3954EFA292685FE00D288BD /* Release */ = {
			isa = XCBuildConfiguration;
			buildSettings = {
				ALWAYS_SEARCH_USER_PATHS = NO;
				CLANG_ANALYZER_NONNULL = YES;
				CLANG_ANALYZER_NUMBER_OBJECT_CONVERSION = YES_AGGRESSIVE;
				CLANG_CXX_LANGUAGE_STANDARD = "gnu++20";
				CLANG_ENABLE_MODULES = YES;
				CLANG_ENABLE_OBJC_ARC = YES;
				CLANG_ENABLE_OBJC_WEAK = YES;
				CLANG_WARN_BLOCK_CAPTURE_AUTORELEASING = YES;
				CLANG_WARN_BOOL_CONVERSION = YES;
				CLANG_WARN_COMMA = YES;
				CLANG_WARN_CONSTANT_CONVERSION = YES;
				CLANG_WARN_DEPRECATED_OBJC_IMPLEMENTATIONS = YES;
				CLANG_WARN_DIRECT_OBJC_ISA_USAGE = YES_ERROR;
				CLANG_WARN_DOCUMENTATION_COMMENTS = YES;
				CLANG_WARN_EMPTY_BODY = YES;
				CLANG_WARN_ENUM_CONVERSION = YES;
				CLANG_WARN_INFINITE_RECURSION = YES;
				CLANG_WARN_INT_CONVERSION = YES;
				CLANG_WARN_NON_LITERAL_NULL_CONVERSION = YES;
				CLANG_WARN_OBJC_IMPLICIT_RETAIN_SELF = YES;
				CLANG_WARN_OBJC_LITERAL_CONVERSION = YES;
				CLANG_WARN_OBJC_ROOT_CLASS = YES_ERROR;
				CLANG_WARN_QUOTED_INCLUDE_IN_FRAMEWORK_HEADER = YES;
				CLANG_WARN_RANGE_LOOP_ANALYSIS = YES;
				CLANG_WARN_STRICT_PROTOTYPES = YES;
				CLANG_WARN_SUSPICIOUS_MOVE = YES;
				CLANG_WARN_UNGUARDED_AVAILABILITY = YES_AGGRESSIVE;
				CLANG_WARN_UNREACHABLE_CODE = YES;
				CLANG_WARN__DUPLICATE_METHOD_MATCH = YES;
				COPY_PHASE_STRIP = NO;
				DEBUG_INFORMATION_FORMAT = "dwarf-with-dsym";
				ENABLE_NS_ASSERTIONS = NO;
				ENABLE_STRICT_OBJC_MSGSEND = YES;
				GCC_C_LANGUAGE_STANDARD = gnu11;
				GCC_NO_COMMON_BLOCKS = YES;
				GCC_WARN_64_TO_32_BIT_CONVERSION = YES;
				GCC_WARN_ABOUT_RETURN_TYPE = YES_ERROR;
				GCC_WARN_UNDECLARED_SELECTOR = YES;
				GCC_WARN_UNINITIALIZED_AUTOS = YES_AGGRESSIVE;
				GCC_WARN_UNUSED_FUNCTION = YES;
				GCC_WARN_UNUSED_VARIABLE = YES;
				IPHONEOS_DEPLOYMENT_TARGET = 16.0;
				MTL_ENABLE_DEBUG_INFO = NO;
				MTL_FAST_MATH = YES;
				SDKROOT = iphoneos;
				SWIFT_COMPILATION_MODE = wholemodule;
				SWIFT_OPTIMIZATION_LEVEL = "-O";
				VALIDATE_PRODUCT = YES;
			};
			name = Release;
		};
		E3954EFC292685FE00D288BD /* Debug */ = {
			isa = XCBuildConfiguration;
			buildSettings = {
				ASSETCATALOG_COMPILER_APPICON_NAME = AppIcon;
				ASSETCATALOG_COMPILER_GLOBAL_ACCENT_COLOR_NAME = AccentColor;
				CODE_SIGN_STYLE = Automatic;
				CURRENT_PROJECT_VERSION = 1;
				DEVELOPMENT_ASSET_PATHS = "";
				DEVELOPMENT_TEAM = T8HX5554JX;
				ENABLE_PREVIEWS = YES;
				GENERATE_INFOPLIST_FILE = YES;
				INFOPLIST_KEY_NSFaceIDUsageDescription = "Security reason";
				INFOPLIST_KEY_UIApplicationSceneManifest_Generation = YES;
				INFOPLIST_KEY_UIApplicationSupportsIndirectInputEvents = YES;
				INFOPLIST_KEY_UILaunchScreen_Generation = YES;
				INFOPLIST_KEY_UIRequiresFullScreen = YES;
				INFOPLIST_KEY_UISupportedInterfaceOrientations = UIInterfaceOrientationPortrait;
				INFOPLIST_KEY_UISupportedInterfaceOrientations_iPad = "UIInterfaceOrientationLandscapeLeft UIInterfaceOrientationLandscapeRight UIInterfaceOrientationPortrait UIInterfaceOrientationPortraitUpsideDown";
				LD_RUNPATH_SEARCH_PATHS = (
					"$(inherited)",
					"@executable_path/Frameworks",
				);
				MARKETING_VERSION = 1.0;
				PRODUCT_BUNDLE_IDENTIFIER = com.PosteID;
				PRODUCT_NAME = "$(TARGET_NAME)";
				SWIFT_EMIT_LOC_STRINGS = YES;
				SWIFT_VERSION = 5.0;
				TARGETED_DEVICE_FAMILY = "1,2";
			};
			name = Debug;
		};
		E3954EFD292685FE00D288BD /* Release */ = {
			isa = XCBuildConfiguration;
			buildSettings = {
				ASSETCATALOG_COMPILER_APPICON_NAME = AppIcon;
				ASSETCATALOG_COMPILER_GLOBAL_ACCENT_COLOR_NAME = AccentColor;
				CODE_SIGN_STYLE = Automatic;
				CURRENT_PROJECT_VERSION = 1;
				DEVELOPMENT_ASSET_PATHS = "";
				DEVELOPMENT_TEAM = T8HX5554JX;
				ENABLE_PREVIEWS = YES;
				GENERATE_INFOPLIST_FILE = YES;
				INFOPLIST_KEY_NSFaceIDUsageDescription = "Security reason";
				INFOPLIST_KEY_UIApplicationSceneManifest_Generation = YES;
				INFOPLIST_KEY_UIApplicationSupportsIndirectInputEvents = YES;
				INFOPLIST_KEY_UILaunchScreen_Generation = YES;
				INFOPLIST_KEY_UIRequiresFullScreen = YES;
				INFOPLIST_KEY_UISupportedInterfaceOrientations = UIInterfaceOrientationPortrait;
				INFOPLIST_KEY_UISupportedInterfaceOrientations_iPad = "UIInterfaceOrientationLandscapeLeft UIInterfaceOrientationLandscapeRight UIInterfaceOrientationPortrait UIInterfaceOrientationPortraitUpsideDown";
				LD_RUNPATH_SEARCH_PATHS = (
					"$(inherited)",
					"@executable_path/Frameworks",
				);
				MARKETING_VERSION = 1.0;
				PRODUCT_BUNDLE_IDENTIFIER = com.PosteID;
				PRODUCT_NAME = "$(TARGET_NAME)";
				SWIFT_EMIT_LOC_STRINGS = YES;
				SWIFT_VERSION = 5.0;
				TARGETED_DEVICE_FAMILY = "1,2";
			};
			name = Release;
		};
/* End XCBuildConfiguration section */

/* Begin XCConfigurationList section */
		E3954ED2292685FC00D288BD /* Build configuration list for PBXProject "FakePosteID" */ = {
			isa = XCConfigurationList;
			buildConfigurations = (
				E3954EF9292685FE00D288BD /* Debug */,
				E3954EFA292685FE00D288BD /* Release */,
			);
			defaultConfigurationIsVisible = 0;
			defaultConfigurationName = Release;
		};
		E3954EFB292685FE00D288BD /* Build configuration list for PBXNativeTarget "FakePosteID" */ = {
			isa = XCConfigurationList;
			buildConfigurations = (
				E3954EFC292685FE00D288BD /* Debug */,
				E3954EFD292685FE00D288BD /* Release */,
			);
			defaultConfigurationIsVisible = 0;
			defaultConfigurationName = Release;
		};
/* End XCConfigurationList section */
	};
	rootObject = E3954ECF292685FC00D288BD /* Project object */;
}
